
Microsoft Visual Studio Solution File, Format Version 12.00
# Visual Studio 15
VisualStudioVersion = 15.0.26430.6
MinimumVisualStudioVersion = 10.0.40219.1
Project("{8BC9CEB8-8B4A-11D0-8D11-00A0C91BC942}") = "Server", "Server\Server.vcxproj", "{69CB28A5-B630-476D-B33B-F0F88D1B7103}"
EndProject
Global
	GlobalSection(SolutionConfigurationPlatforms) = preSolution
		Debug|Win32 = Debug|Win32
		Release|Win32 = Release|Win32
	EndGlobalSection
	GlobalSection(ProjectConfigurationPlatforms) = postSolution
		{69CB28A5-B630-476D-B33B-F0F88D1B7103}.Debug|Win32.ActiveCfg = Debug|Win32
		{69CB28A5-B630-476D-B33B-F0F88D1B7103}.Debug|Win32.Build.0 = Debug|Win32
		{69CB28A5-B630-476D-B33B-F0F88D1B7103}.Release|Win32.ActiveCfg = Release|Win32
		{69CB28A5-B630-476D-B33B-F0F88D1B7103}.Release|Win32.Build.0 = Release|Win32
	EndGlobalSection
	GlobalSection(SolutionProperties) = preSolution
		HideSolutionNode = FALSE
	EndGlobalSection
EndGlobal
